
Microsoft Visual Studio Solution File, Format Version 12.00
# Visual Studio 15
VisualStudioVersion = 15.0.28307.136
MinimumVisualStudioVersion = 10.0.40219.1
Project("{FAE04EC0-301F-11D3-BF4B-00C04F79EFBC}") = "Study.DP.Strategy", "Study.DP.Strategy\Study.DP.Strategy.csproj", "{1CFE7E16-122B-45E6-A756-CD52326610A5}"
EndProject
Project("{FAE04EC0-301F-11D3-BF4B-00C04F79EFBC}") = "Study.DP.Observer", "Study.DP.Observer\Study.DP.Observer.csproj", "{34DE387D-8A06-45E3-8190-243019B95B1E}"
EndProject
Project("{FAE04EC0-301F-11D3-BF4B-00C04F79EFBC}") = "Study.DP.Decorator", "Study.DP.Decorator\Study.DP.Decorator.csproj", "{603CE3B3-71C8-4E86-98F8-2D359F57BBD7}"
EndProject
Project("{FAE04EC0-301F-11D3-BF4B-00C04F79EFBC}") = "Study.DP.Adapter", "Study.DP.Adapter\Study.DP.Adapter.csproj", "{C6BE628C-F738-4EB1-A1B1-6397F3BE62CF}"
EndProject
Project("{FAE04EC0-301F-11D3-BF4B-00C04F79EFBC}") = "Study.DP.Facade", "Study.PD.Facade\Study.DP.Facade.csproj", "{D182B65B-3181-4C43-81B6-717FD360DF30}"
EndProject
Project("{FAE04EC0-301F-11D3-BF4B-00C04F79EFBC}") = "Study.GameStore.Domain", "Study.GameStore.Domain\Study.GameStore.Domain.csproj", "{0F69653B-5617-4AFF-92F8-129CE435754C}"
EndProject
Project("{FAE04EC0-301F-11D3-BF4B-00C04F79EFBC}") = "Study.GameStore.UnitTests", "Study.GameStore.UnitTests\Study.GameStore.UnitTests.csproj", "{93E85F01-47C7-44FF-A167-DA79968873AB}"
EndProject
Project("{FAE04EC0-301F-11D3-BF4B-00C04F79EFBC}") = "Study.GameStore.WebUI", "Study.GameStore.WebUI\Study.GameStore.WebUI.csproj", "{A4E98EF6-B51B-4D95-9EBF-488CE12D68CD}"
EndProject
Global
	GlobalSection(SolutionConfigurationPlatforms) = preSolution
		Debug|Any CPU = Debug|Any CPU
		Release|Any CPU = Release|Any CPU
	EndGlobalSection
	GlobalSection(ProjectConfigurationPlatforms) = postSolution
		{1CFE7E16-122B-45E6-A756-CD52326610A5}.Debug|Any CPU.ActiveCfg = Debug|Any CPU
		{1CFE7E16-122B-45E6-A756-CD52326610A5}.Debug|Any CPU.Build.0 = Debug|Any CPU
		{1CFE7E16-122B-45E6-A756-CD52326610A5}.Release|Any CPU.ActiveCfg = Release|Any CPU
		{1CFE7E16-122B-45E6-A756-CD52326610A5}.Release|Any CPU.Build.0 = Release|Any CPU
		{34DE387D-8A06-45E3-8190-243019B95B1E}.Debug|Any CPU.ActiveCfg = Debug|Any CPU
		{34DE387D-8A06-45E3-8190-243019B95B1E}.Debug|Any CPU.Build.0 = Debug|Any CPU
		{34DE387D-8A06-45E3-8190-243019B95B1E}.Release|Any CPU.ActiveCfg = Release|Any CPU
		{34DE387D-8A06-45E3-8190-243019B95B1E}.Release|Any CPU.Build.0 = Release|Any CPU
		{603CE3B3-71C8-4E86-98F8-2D359F57BBD7}.Debug|Any CPU.ActiveCfg = Debug|Any CPU
		{603CE3B3-71C8-4E86-98F8-2D359F57BBD7}.Debug|Any CPU.Build.0 = Debug|Any CPU
		{603CE3B3-71C8-4E86-98F8-2D359F57BBD7}.Release|Any CPU.ActiveCfg = Release|Any CPU
		{603CE3B3-71C8-4E86-98F8-2D359F57BBD7}.Release|Any CPU.Build.0 = Release|Any CPU
		{C6BE628C-F738-4EB1-A1B1-6397F3BE62CF}.Debug|Any CPU.ActiveCfg = Debug|Any CPU
		{C6BE628C-F738-4EB1-A1B1-6397F3BE62CF}.Debug|Any CPU.Build.0 = Debug|Any CPU
		{C6BE628C-F738-4EB1-A1B1-6397F3BE62CF}.Release|Any CPU.ActiveCfg = Release|Any CPU
		{C6BE628C-F738-4EB1-A1B1-6397F3BE62CF}.Release|Any CPU.Build.0 = Release|Any CPU
		{D182B65B-3181-4C43-81B6-717FD360DF30}.Debug|Any CPU.ActiveCfg = Debug|Any CPU
		{D182B65B-3181-4C43-81B6-717FD360DF30}.Debug|Any CPU.Build.0 = Debug|Any CPU
		{D182B65B-3181-4C43-81B6-717FD360DF30}.Release|Any CPU.ActiveCfg = Release|Any CPU
		{D182B65B-3181-4C43-81B6-717FD360DF30}.Release|Any CPU.Build.0 = Release|Any CPU
		{0F69653B-5617-4AFF-92F8-129CE435754C}.Debug|Any CPU.ActiveCfg = Debug|Any CPU
		{0F69653B-5617-4AFF-92F8-129CE435754C}.Debug|Any CPU.Build.0 = Debug|Any CPU
		{0F69653B-5617-4AFF-92F8-129CE435754C}.Release|Any CPU.ActiveCfg = Release|Any CPU
		{0F69653B-5617-4AFF-92F8-129CE435754C}.Release|Any CPU.Build.0 = Release|Any CPU
		{93E85F01-47C7-44FF-A167-DA79968873AB}.Debug|Any CPU.ActiveCfg = Debug|Any CPU
		{93E85F01-47C7-44FF-A167-DA79968873AB}.Debug|Any CPU.Build.0 = Debug|Any CPU
		{93E85F01-47C7-44FF-A167-DA79968873AB}.Release|Any CPU.ActiveCfg = Release|Any CPU
		{93E85F01-47C7-44FF-A167-DA79968873AB}.Release|Any CPU.Build.0 = Release|Any CPU
		{A4E98EF6-B51B-4D95-9EBF-488CE12D68CD}.Debug|Any CPU.ActiveCfg = Debug|Any CPU
		{A4E98EF6-B51B-4D95-9EBF-488CE12D68CD}.Debug|Any CPU.Build.0 = Debug|Any CPU
		{A4E98EF6-B51B-4D95-9EBF-488CE12D68CD}.Release|Any CPU.ActiveCfg = Release|Any CPU
		{A4E98EF6-B51B-4D95-9EBF-488CE12D68CD}.Release|Any CPU.Build.0 = Release|Any CPU
	EndGlobalSection
	GlobalSection(SolutionProperties) = preSolution
		HideSolutionNode = FALSE
	EndGlobalSection
	GlobalSection(ExtensibilityGlobals) = postSolution
		SolutionGuid = {45B50456-0734-40BF-8087-522F3B9037ED}
	EndGlobalSection
EndGlobal
