
Microsoft Visual Studio Solution File, Format Version 12.00
# Visual Studio 15
VisualStudioVersion = 15.0.28307.136
MinimumVisualStudioVersion = 10.0.40219.1
Project("{FAE04EC0-301F-11D3-BF4B-00C04F79EFBC}") = "Study.DP.Strategy", "Study.DP.Strategy\Study.DP.Strategy.csproj", "{1CFE7E16-122B-45E6-A756-CD52326610A5}"
EndProject
Global
	GlobalSection(SolutionConfigurationPlatforms) = preSolution
		Debug|Any CPU = Debug|Any CPU
		Release|Any CPU = Release|Any CPU
	EndGlobalSection
	GlobalSection(ProjectConfigurationPlatforms) = postSolution
		{1CFE7E16-122B-45E6-A756-CD52326610A5}.Debug|Any CPU.ActiveCfg = Debug|Any CPU
		{1CFE7E16-122B-45E6-A756-CD52326610A5}.Debug|Any CPU.Build.0 = Debug|Any CPU
		{1CFE7E16-122B-45E6-A756-CD52326610A5}.Release|Any CPU.ActiveCfg = Release|Any CPU
		{1CFE7E16-122B-45E6-A756-CD52326610A5}.Release|Any CPU.Build.0 = Release|Any CPU
	EndGlobalSection
	GlobalSection(SolutionProperties) = preSolution
		HideSolutionNode = FALSE
	EndGlobalSection
	GlobalSection(ExtensibilityGlobals) = postSolution
		SolutionGuid = {45B50456-0734-40BF-8087-522F3B9037ED}
	EndGlobalSection
EndGlobal
